
Microsoft Visual Studio Solution File, Format Version 12.00
# Visual Studio Version 17
VisualStudioVersion = 17.3.32929.385
MinimumVisualStudioVersion = 10.0.40219.1
Project("{FAE04EC0-301F-11D3-BF4B-00C04F79EFBC}") = "ArtistCRM", "ArtistCRM.csproj", "{0E0694BD-E54C-46E8-ABA8-3585FEA36653}"
EndProject
Global
	GlobalSection(SolutionConfigurationPlatforms) = preSolution
		Debug|Any CPU = Debug|Any CPU
		Release|Any CPU = Release|Any CPU
	EndGlobalSection
	GlobalSection(ProjectConfigurationPlatforms) = postSolution
		{0E0694BD-E54C-46E8-ABA8-3585FEA36653}.Debug|Any CPU.ActiveCfg = Debug|Any CPU
		{0E0694BD-E54C-46E8-ABA8-3585FEA36653}.Debug|Any CPU.Build.0 = Debug|Any CPU
		{0E0694BD-E54C-46E8-ABA8-3585FEA36653}.Release|Any CPU.ActiveCfg = Release|Any CPU
		{0E0694BD-E54C-46E8-ABA8-3585FEA36653}.Release|Any CPU.Build.0 = Release|Any CPU
	EndGlobalSection
	GlobalSection(SolutionProperties) = preSolution
		HideSolutionNode = FALSE
	EndGlobalSection
	GlobalSection(ExtensibilityGlobals) = postSolution
		SolutionGuid = {09BC4F07-A826-474A-9386-B446E87F56FB}
	EndGlobalSection
EndGlobal
